
Microsoft Visual Studio Solution File, Format Version 12.00
# Visual Studio 15
VisualStudioVersion = 15.0.27703.2000
MinimumVisualStudioVersion = 10.0.40219.1
Project("{9A19103F-16F7-4668-BE54-9A1E7A4F7556}") = "TDD_Example", "TDD_Example\TDD_Example.csproj", "{0E698CD2-C8D9-41C0-B701-08FCB007ABDE}"
EndProject
Project("{9A19103F-16F7-4668-BE54-9A1E7A4F7556}") = "RomanNumberalLibrary", "RomanNumberalLibrary\RomanNumberalLibrary.csproj", "{CDDA3E29-89CA-4366-BDCB-1BAFA89AEA31}"
EndProject
Project("{9A19103F-16F7-4668-BE54-9A1E7A4F7556}") = "RomanNumberLibrary.Tests", "RomanNumberLibrary.Tests\RomanNumberLibrary.Tests.csproj", "{10FF54ED-3D51-451F-9908-A2D8AD9B6916}"
EndProject
Project("{9A19103F-16F7-4668-BE54-9A1E7A4F7556}") = "String_Calculator", "String_Calculator\String_Calculator.csproj", "{9AD5079D-AE01-41C8-85F3-871FE38E8E9C}"
EndProject
Project("{9A19103F-16F7-4668-BE54-9A1E7A4F7556}") = "String_Calculator.Tests", "String_Calculator.Tests\String_Calculator.Tests.csproj", "{5D256DA2-A511-4B1F-BD8A-CB98A51A6819}"
EndProject
Project("{FAE04EC0-301F-11D3-BF4B-00C04F79EFBC}") = "FizzBuzz", "FizzBuzz\FizzBuzz.csproj", "{B8B879E4-B5FA-48B6-9E4B-3E18684671C3}"
EndProject
Project("{FAE04EC0-301F-11D3-BF4B-00C04F79EFBC}") = "FizzBuzz.Tests", "FizzBuzz.Tests\FizzBuzz.Tests.csproj", "{21AC8A3F-A3FF-43F0-8E38-078D3E7535C8}"
EndProject
Global
	GlobalSection(SolutionConfigurationPlatforms) = preSolution
		Debug|Any CPU = Debug|Any CPU
		Release|Any CPU = Release|Any CPU
	EndGlobalSection
	GlobalSection(ProjectConfigurationPlatforms) = postSolution
		{0E698CD2-C8D9-41C0-B701-08FCB007ABDE}.Debug|Any CPU.ActiveCfg = Debug|Any CPU
		{0E698CD2-C8D9-41C0-B701-08FCB007ABDE}.Debug|Any CPU.Build.0 = Debug|Any CPU
		{0E698CD2-C8D9-41C0-B701-08FCB007ABDE}.Release|Any CPU.ActiveCfg = Release|Any CPU
		{0E698CD2-C8D9-41C0-B701-08FCB007ABDE}.Release|Any CPU.Build.0 = Release|Any CPU
		{CDDA3E29-89CA-4366-BDCB-1BAFA89AEA31}.Debug|Any CPU.ActiveCfg = Debug|Any CPU
		{CDDA3E29-89CA-4366-BDCB-1BAFA89AEA31}.Debug|Any CPU.Build.0 = Debug|Any CPU
		{CDDA3E29-89CA-4366-BDCB-1BAFA89AEA31}.Release|Any CPU.ActiveCfg = Release|Any CPU
		{CDDA3E29-89CA-4366-BDCB-1BAFA89AEA31}.Release|Any CPU.Build.0 = Release|Any CPU
		{10FF54ED-3D51-451F-9908-A2D8AD9B6916}.Debug|Any CPU.ActiveCfg = Debug|Any CPU
		{10FF54ED-3D51-451F-9908-A2D8AD9B6916}.Debug|Any CPU.Build.0 = Debug|Any CPU
		{10FF54ED-3D51-451F-9908-A2D8AD9B6916}.Release|Any CPU.ActiveCfg = Release|Any CPU
		{10FF54ED-3D51-451F-9908-A2D8AD9B6916}.Release|Any CPU.Build.0 = Release|Any CPU
		{9AD5079D-AE01-41C8-85F3-871FE38E8E9C}.Debug|Any CPU.ActiveCfg = Debug|Any CPU
		{9AD5079D-AE01-41C8-85F3-871FE38E8E9C}.Debug|Any CPU.Build.0 = Debug|Any CPU
		{9AD5079D-AE01-41C8-85F3-871FE38E8E9C}.Release|Any CPU.ActiveCfg = Release|Any CPU
		{9AD5079D-AE01-41C8-85F3-871FE38E8E9C}.Release|Any CPU.Build.0 = Release|Any CPU
		{5D256DA2-A511-4B1F-BD8A-CB98A51A6819}.Debug|Any CPU.ActiveCfg = Debug|Any CPU
		{5D256DA2-A511-4B1F-BD8A-CB98A51A6819}.Debug|Any CPU.Build.0 = Debug|Any CPU
		{5D256DA2-A511-4B1F-BD8A-CB98A51A6819}.Release|Any CPU.ActiveCfg = Release|Any CPU
		{5D256DA2-A511-4B1F-BD8A-CB98A51A6819}.Release|Any CPU.Build.0 = Release|Any CPU
		{B8B879E4-B5FA-48B6-9E4B-3E18684671C3}.Debug|Any CPU.ActiveCfg = Debug|Any CPU
		{B8B879E4-B5FA-48B6-9E4B-3E18684671C3}.Debug|Any CPU.Build.0 = Debug|Any CPU
		{B8B879E4-B5FA-48B6-9E4B-3E18684671C3}.Release|Any CPU.ActiveCfg = Release|Any CPU
		{B8B879E4-B5FA-48B6-9E4B-3E18684671C3}.Release|Any CPU.Build.0 = Release|Any CPU
		{21AC8A3F-A3FF-43F0-8E38-078D3E7535C8}.Debug|Any CPU.ActiveCfg = Debug|Any CPU
		{21AC8A3F-A3FF-43F0-8E38-078D3E7535C8}.Debug|Any CPU.Build.0 = Debug|Any CPU
		{21AC8A3F-A3FF-43F0-8E38-078D3E7535C8}.Release|Any CPU.ActiveCfg = Release|Any CPU
		{21AC8A3F-A3FF-43F0-8E38-078D3E7535C8}.Release|Any CPU.Build.0 = Release|Any CPU
	EndGlobalSection
	GlobalSection(SolutionProperties) = preSolution
		HideSolutionNode = FALSE
	EndGlobalSection
	GlobalSection(ExtensibilityGlobals) = postSolution
		SolutionGuid = {6D1F4237-B197-4F23-8F2F-106B89255E03}
	EndGlobalSection
EndGlobal
